
Microsoft Visual Studio Solution File, Format Version 12.00
# Visual Studio 15
VisualStudioVersion = 15.0.26730.16
MinimumVisualStudioVersion = 10.0.40219.1
Project("{FAE04EC0-301F-11D3-BF4B-00C04F79EFBC}") = "BLL", "BLL\BLL.csproj", "{FFD3B44B-9E99-42D7-AACC-84198F11463C}"
EndProject
Project("{FAE04EC0-301F-11D3-BF4B-00C04F79EFBC}") = "DAL", "DAL\DAL.csproj", "{7C9601AA-8331-404C-A82C-D7BAE0F56135}"
EndProject
Project("{FAE04EC0-301F-11D3-BF4B-00C04F79EFBC}") = "MODEL", "MODEL\MODEL.csproj", "{5EEA54DD-EC70-4C8F-BB38-8BFD26F8A374}"
EndProject
Project("{FAE04EC0-301F-11D3-BF4B-00C04F79EFBC}") = "WinForm", "WinForm\WinForm.csproj", "{0F644279-2E5A-45E5-B938-E4E95BBA894C}"
EndProject
Project("{FAE04EC0-301F-11D3-BF4B-00C04F79EFBC}") = "Common", "Common\Common.csproj", "{ECF1D83E-7863-4251-B8D0-C5A49A45EA9F}"
EndProject
Project("{FAE04EC0-301F-11D3-BF4B-00C04F79EFBC}") = "AutoUpdater", "AutoUpdater\AutoUpdater.csproj", "{4A635AF9-90B2-4AB6-A418-EAB10A712BA7}"
EndProject
Global
	GlobalSection(SolutionConfigurationPlatforms) = preSolution
		Debug|Any CPU = Debug|Any CPU
		Debug|x64 = Debug|x64
		Debug|x86 = Debug|x86
		Release|Any CPU = Release|Any CPU
		Release|x64 = Release|x64
		Release|x86 = Release|x86
	EndGlobalSection
	GlobalSection(ProjectConfigurationPlatforms) = postSolution
		{FFD3B44B-9E99-42D7-AACC-84198F11463C}.Debug|Any CPU.ActiveCfg = Debug|Any CPU
		{FFD3B44B-9E99-42D7-AACC-84198F11463C}.Debug|Any CPU.Build.0 = Debug|Any CPU
		{FFD3B44B-9E99-42D7-AACC-84198F11463C}.Debug|x64.ActiveCfg = Debug|Any CPU
		{FFD3B44B-9E99-42D7-AACC-84198F11463C}.Debug|x64.Build.0 = Debug|Any CPU
		{FFD3B44B-9E99-42D7-AACC-84198F11463C}.Debug|x86.ActiveCfg = Debug|Any CPU
		{FFD3B44B-9E99-42D7-AACC-84198F11463C}.Debug|x86.Build.0 = Debug|Any CPU
		{FFD3B44B-9E99-42D7-AACC-84198F11463C}.Release|Any CPU.ActiveCfg = Release|Any CPU
		{FFD3B44B-9E99-42D7-AACC-84198F11463C}.Release|Any CPU.Build.0 = Release|Any CPU
		{FFD3B44B-9E99-42D7-AACC-84198F11463C}.Release|x64.ActiveCfg = Release|Any CPU
		{FFD3B44B-9E99-42D7-AACC-84198F11463C}.Release|x64.Build.0 = Release|Any CPU
		{FFD3B44B-9E99-42D7-AACC-84198F11463C}.Release|x86.ActiveCfg = Release|Any CPU
		{FFD3B44B-9E99-42D7-AACC-84198F11463C}.Release|x86.Build.0 = Release|Any CPU
		{7C9601AA-8331-404C-A82C-D7BAE0F56135}.Debug|Any CPU.ActiveCfg = Debug|Any CPU
		{7C9601AA-8331-404C-A82C-D7BAE0F56135}.Debug|Any CPU.Build.0 = Debug|Any CPU
		{7C9601AA-8331-404C-A82C-D7BAE0F56135}.Debug|x64.ActiveCfg = Debug|Any CPU
		{7C9601AA-8331-404C-A82C-D7BAE0F56135}.Debug|x64.Build.0 = Debug|Any CPU
		{7C9601AA-8331-404C-A82C-D7BAE0F56135}.Debug|x86.ActiveCfg = Debug|Any CPU
		{7C9601AA-8331-404C-A82C-D7BAE0F56135}.Debug|x86.Build.0 = Debug|Any CPU
		{7C9601AA-8331-404C-A82C-D7BAE0F56135}.Release|Any CPU.ActiveCfg = Release|Any CPU
		{7C9601AA-8331-404C-A82C-D7BAE0F56135}.Release|Any CPU.Build.0 = Release|Any CPU
		{7C9601AA-8331-404C-A82C-D7BAE0F56135}.Release|x64.ActiveCfg = Release|Any CPU
		{7C9601AA-8331-404C-A82C-D7BAE0F56135}.Release|x64.Build.0 = Release|Any CPU
		{7C9601AA-8331-404C-A82C-D7BAE0F56135}.Release|x86.ActiveCfg = Release|Any CPU
		{7C9601AA-8331-404C-A82C-D7BAE0F56135}.Release|x86.Build.0 = Release|Any CPU
		{5EEA54DD-EC70-4C8F-BB38-8BFD26F8A374}.Debug|Any CPU.ActiveCfg = Debug|Any CPU
		{5EEA54DD-EC70-4C8F-BB38-8BFD26F8A374}.Debug|Any CPU.Build.0 = Debug|Any CPU
		{5EEA54DD-EC70-4C8F-BB38-8BFD26F8A374}.Debug|x64.ActiveCfg = Debug|Any CPU
		{5EEA54DD-EC70-4C8F-BB38-8BFD26F8A374}.Debug|x64.Build.0 = Debug|Any CPU
		{5EEA54DD-EC70-4C8F-BB38-8BFD26F8A374}.Debug|x86.ActiveCfg = Debug|Any CPU
		{5EEA54DD-EC70-4C8F-BB38-8BFD26F8A374}.Debug|x86.Build.0 = Debug|Any CPU
		{5EEA54DD-EC70-4C8F-BB38-8BFD26F8A374}.Release|Any CPU.ActiveCfg = Release|Any CPU
		{5EEA54DD-EC70-4C8F-BB38-8BFD26F8A374}.Release|Any CPU.Build.0 = Release|Any CPU
		{5EEA54DD-EC70-4C8F-BB38-8BFD26F8A374}.Release|x64.ActiveCfg = Release|Any CPU
		{5EEA54DD-EC70-4C8F-BB38-8BFD26F8A374}.Release|x64.Build.0 = Release|Any CPU
		{5EEA54DD-EC70-4C8F-BB38-8BFD26F8A374}.Release|x86.ActiveCfg = Release|Any CPU
		{5EEA54DD-EC70-4C8F-BB38-8BFD26F8A374}.Release|x86.Build.0 = Release|Any CPU
		{0F644279-2E5A-45E5-B938-E4E95BBA894C}.Debug|Any CPU.ActiveCfg = Debug|Any CPU
		{0F644279-2E5A-45E5-B938-E4E95BBA894C}.Debug|Any CPU.Build.0 = Debug|Any CPU
		{0F644279-2E5A-45E5-B938-E4E95BBA894C}.Debug|x64.ActiveCfg = Debug|Any CPU
		{0F644279-2E5A-45E5-B938-E4E95BBA894C}.Debug|x64.Build.0 = Debug|Any CPU
		{0F644279-2E5A-45E5-B938-E4E95BBA894C}.Debug|x86.ActiveCfg = Debug|Any CPU
		{0F644279-2E5A-45E5-B938-E4E95BBA894C}.Debug|x86.Build.0 = Debug|Any CPU
		{0F644279-2E5A-45E5-B938-E4E95BBA894C}.Release|Any CPU.ActiveCfg = Release|Any CPU
		{0F644279-2E5A-45E5-B938-E4E95BBA894C}.Release|Any CPU.Build.0 = Release|Any CPU
		{0F644279-2E5A-45E5-B938-E4E95BBA894C}.Release|x64.ActiveCfg = Release|Any CPU
		{0F644279-2E5A-45E5-B938-E4E95BBA894C}.Release|x64.Build.0 = Release|Any CPU
		{0F644279-2E5A-45E5-B938-E4E95BBA894C}.Release|x86.ActiveCfg = Release|Any CPU
		{0F644279-2E5A-45E5-B938-E4E95BBA894C}.Release|x86.Build.0 = Release|Any CPU
		{ECF1D83E-7863-4251-B8D0-C5A49A45EA9F}.Debug|Any CPU.ActiveCfg = Debug|Any CPU
		{ECF1D83E-7863-4251-B8D0-C5A49A45EA9F}.Debug|Any CPU.Build.0 = Debug|Any CPU
		{ECF1D83E-7863-4251-B8D0-C5A49A45EA9F}.Debug|x64.ActiveCfg = Debug|Any CPU
		{ECF1D83E-7863-4251-B8D0-C5A49A45EA9F}.Debug|x64.Build.0 = Debug|Any CPU
		{ECF1D83E-7863-4251-B8D0-C5A49A45EA9F}.Debug|x86.ActiveCfg = Debug|Any CPU
		{ECF1D83E-7863-4251-B8D0-C5A49A45EA9F}.Debug|x86.Build.0 = Debug|Any CPU
		{ECF1D83E-7863-4251-B8D0-C5A49A45EA9F}.Release|Any CPU.ActiveCfg = Release|Any CPU
		{ECF1D83E-7863-4251-B8D0-C5A49A45EA9F}.Release|Any CPU.Build.0 = Release|Any CPU
		{ECF1D83E-7863-4251-B8D0-C5A49A45EA9F}.Release|x64.ActiveCfg = Release|Any CPU
		{ECF1D83E-7863-4251-B8D0-C5A49A45EA9F}.Release|x64.Build.0 = Release|Any CPU
		{ECF1D83E-7863-4251-B8D0-C5A49A45EA9F}.Release|x86.ActiveCfg = Release|Any CPU
		{ECF1D83E-7863-4251-B8D0-C5A49A45EA9F}.Release|x86.Build.0 = Release|Any CPU
		{4A635AF9-90B2-4AB6-A418-EAB10A712BA7}.Debug|Any CPU.ActiveCfg = Debug|Any CPU
		{4A635AF9-90B2-4AB6-A418-EAB10A712BA7}.Debug|Any CPU.Build.0 = Debug|Any CPU
		{4A635AF9-90B2-4AB6-A418-EAB10A712BA7}.Debug|x64.ActiveCfg = Debug|Any CPU
		{4A635AF9-90B2-4AB6-A418-EAB10A712BA7}.Debug|x64.Build.0 = Debug|Any CPU
		{4A635AF9-90B2-4AB6-A418-EAB10A712BA7}.Debug|x86.ActiveCfg = Debug|Any CPU
		{4A635AF9-90B2-4AB6-A418-EAB10A712BA7}.Debug|x86.Build.0 = Debug|Any CPU
		{4A635AF9-90B2-4AB6-A418-EAB10A712BA7}.Release|Any CPU.ActiveCfg = Release|Any CPU
		{4A635AF9-90B2-4AB6-A418-EAB10A712BA7}.Release|Any CPU.Build.0 = Release|Any CPU
		{4A635AF9-90B2-4AB6-A418-EAB10A712BA7}.Release|x64.ActiveCfg = Release|Any CPU
		{4A635AF9-90B2-4AB6-A418-EAB10A712BA7}.Release|x64.Build.0 = Release|Any CPU
		{4A635AF9-90B2-4AB6-A418-EAB10A712BA7}.Release|x86.ActiveCfg = Release|Any CPU
		{4A635AF9-90B2-4AB6-A418-EAB10A712BA7}.Release|x86.Build.0 = Release|Any CPU
	EndGlobalSection
	GlobalSection(SolutionProperties) = preSolution
		HideSolutionNode = FALSE
	EndGlobalSection
	GlobalSection(ExtensibilityGlobals) = postSolution
		SolutionGuid = {3D901516-4EF5-4618-BE90-28E48F9B040D}
	EndGlobalSection
EndGlobal
